
Microsoft Visual Studio Solution File, Format Version 12.00
# Visual Studio 15
Project("{FAE04EC0-301F-11D3-BF4B-00C04F79EFBC}") = "Pong Desafiador", "Pong Desafiador.csproj", "{76B90907-3328-1C02-B4D2-58BFC1F4F560}"
EndProject
Global
	GlobalSection(SolutionConfigurationPlatforms) = preSolution
		Debug|Any CPU = Debug|Any CPU
		Release|Any CPU = Release|Any CPU
	EndGlobalSection
	GlobalSection(ProjectConfigurationPlatforms) = postSolution
		{76B90907-3328-1C02-B4D2-58BFC1F4F560}.Debug|Any CPU.ActiveCfg = Debug|Any CPU
		{76B90907-3328-1C02-B4D2-58BFC1F4F560}.Debug|Any CPU.Build.0 = Debug|Any CPU
		{76B90907-3328-1C02-B4D2-58BFC1F4F560}.Release|Any CPU.ActiveCfg = Release|Any CPU
		{76B90907-3328-1C02-B4D2-58BFC1F4F560}.Release|Any CPU.Build.0 = Release|Any CPU
	EndGlobalSection
	GlobalSection(SolutionProperties) = preSolution
		HideSolutionNode = FALSE
	EndGlobalSection
EndGlobal
